
Microsoft Visual Studio Solution File, Format Version 12.00
# Visual Studio Version 16
VisualStudioVersion = 16.0.29709.97
MinimumVisualStudioVersion = 10.0.40219.1
Project("{9A19103F-16F7-4668-BE54-9A1E7A4F7556}") = "FreakyFashion2", "FreakyFashion2\FreakyFashion2.csproj", "{40996B9D-D21F-416B-AB79-4104BEFE3A01}"
EndProject
Global
	GlobalSection(SolutionConfigurationPlatforms) = preSolution
		Debug|Any CPU = Debug|Any CPU
		Release|Any CPU = Release|Any CPU
	EndGlobalSection
	GlobalSection(ProjectConfigurationPlatforms) = postSolution
		{40996B9D-D21F-416B-AB79-4104BEFE3A01}.Debug|Any CPU.ActiveCfg = Debug|Any CPU
		{40996B9D-D21F-416B-AB79-4104BEFE3A01}.Debug|Any CPU.Build.0 = Debug|Any CPU
		{40996B9D-D21F-416B-AB79-4104BEFE3A01}.Release|Any CPU.ActiveCfg = Release|Any CPU
		{40996B9D-D21F-416B-AB79-4104BEFE3A01}.Release|Any CPU.Build.0 = Release|Any CPU
	EndGlobalSection
	GlobalSection(SolutionProperties) = preSolution
		HideSolutionNode = FALSE
	EndGlobalSection
	GlobalSection(ExtensibilityGlobals) = postSolution
		SolutionGuid = {C7404BD6-E243-43FB-8662-C502F6907D68}
	EndGlobalSection
EndGlobal
